
Microsoft Visual Studio Solution File, Format Version 12.00
# Visual Studio Version 16
VisualStudioVersion = 16.0.31424.327
MinimumVisualStudioVersion = 10.0.40219.1
Project("{2150E333-8FDC-42A3-9474-1A3956D46DE8}") = "Src", "Src", "{9FA84A96-8E88-4E58-BF3D-19066E536657}"
EndProject
Project("{2150E333-8FDC-42A3-9474-1A3956D46DE8}") = "Infrastructure.App", "Infrastructure.App", "{75252CFA-CDFD-42E2-A2A9-37CBA1E16CBD}"
EndProject
Project("{2150E333-8FDC-42A3-9474-1A3956D46DE8}") = "Core", "Core", "{A280FCEB-E8DA-4054-923F-5994CB412CD3}"
EndProject
Project("{2150E333-8FDC-42A3-9474-1A3956D46DE8}") = "Presentation", "Presentation", "{1D66A0DF-17AB-4568-A9AA-B2A15F1A1DAB}"
EndProject
Project("{FAE04EC0-301F-11D3-BF4B-00C04F79EFBC}") = "Domain", "Domain\Domain.csproj", "{4F165C39-7851-4AD8-BFBF-11E6D799EA15}"
EndProject
Project("{FAE04EC0-301F-11D3-BF4B-00C04F79EFBC}") = "Application", "Application\Application.csproj", "{7A462EE8-FDB0-4DEA-BD81-4A103F69D8F8}"
EndProject
Project("{2150E333-8FDC-42A3-9474-1A3956D46DE8}") = "Hosts", "Hosts", "{50BAB708-27C0-4ED8-BFFF-7160164C8488}"
EndProject
Project("{2150E333-8FDC-42A3-9474-1A3956D46DE8}") = "Persistence", "Persistence", "{7BEAE277-D68B-4B2B-BEC6-3EF34FC8C7A6}"
EndProject
Project("{FAE04EC0-301F-11D3-BF4B-00C04F79EFBC}") = "DAL", "DAL\DAL.csproj", "{8C7907AD-8DED-41F3-8575-E17AD699B6BD}"
EndProject
Project("{FAE04EC0-301F-11D3-BF4B-00C04F79EFBC}") = "Infrastructure", "Infrastructure\Infrastructure.csproj", "{BEDE12D0-D9CF-4979-9264-98919947FADE}"
EndProject
Project("{FAE04EC0-301F-11D3-BF4B-00C04F79EFBC}") = "HeartInsurance.API", "HeartInsurance.API\HeartInsurance.API.csproj", "{6981ACFB-E049-4BD1-A79D-8AB00B2C607B}"
EndProject
Global
	GlobalSection(SolutionConfigurationPlatforms) = preSolution
		Debug|Any CPU = Debug|Any CPU
		Release|Any CPU = Release|Any CPU
	EndGlobalSection
	GlobalSection(ProjectConfigurationPlatforms) = postSolution
		{4F165C39-7851-4AD8-BFBF-11E6D799EA15}.Debug|Any CPU.ActiveCfg = Debug|Any CPU
		{4F165C39-7851-4AD8-BFBF-11E6D799EA15}.Debug|Any CPU.Build.0 = Debug|Any CPU
		{4F165C39-7851-4AD8-BFBF-11E6D799EA15}.Release|Any CPU.ActiveCfg = Release|Any CPU
		{4F165C39-7851-4AD8-BFBF-11E6D799EA15}.Release|Any CPU.Build.0 = Release|Any CPU
		{7A462EE8-FDB0-4DEA-BD81-4A103F69D8F8}.Debug|Any CPU.ActiveCfg = Debug|Any CPU
		{7A462EE8-FDB0-4DEA-BD81-4A103F69D8F8}.Debug|Any CPU.Build.0 = Debug|Any CPU
		{7A462EE8-FDB0-4DEA-BD81-4A103F69D8F8}.Release|Any CPU.ActiveCfg = Release|Any CPU
		{7A462EE8-FDB0-4DEA-BD81-4A103F69D8F8}.Release|Any CPU.Build.0 = Release|Any CPU
		{8C7907AD-8DED-41F3-8575-E17AD699B6BD}.Debug|Any CPU.ActiveCfg = Debug|Any CPU
		{8C7907AD-8DED-41F3-8575-E17AD699B6BD}.Debug|Any CPU.Build.0 = Debug|Any CPU
		{8C7907AD-8DED-41F3-8575-E17AD699B6BD}.Release|Any CPU.ActiveCfg = Release|Any CPU
		{8C7907AD-8DED-41F3-8575-E17AD699B6BD}.Release|Any CPU.Build.0 = Release|Any CPU
		{BEDE12D0-D9CF-4979-9264-98919947FADE}.Debug|Any CPU.ActiveCfg = Debug|Any CPU
		{BEDE12D0-D9CF-4979-9264-98919947FADE}.Debug|Any CPU.Build.0 = Debug|Any CPU
		{BEDE12D0-D9CF-4979-9264-98919947FADE}.Release|Any CPU.ActiveCfg = Release|Any CPU
		{BEDE12D0-D9CF-4979-9264-98919947FADE}.Release|Any CPU.Build.0 = Release|Any CPU
		{6981ACFB-E049-4BD1-A79D-8AB00B2C607B}.Debug|Any CPU.ActiveCfg = Debug|Any CPU
		{6981ACFB-E049-4BD1-A79D-8AB00B2C607B}.Debug|Any CPU.Build.0 = Debug|Any CPU
		{6981ACFB-E049-4BD1-A79D-8AB00B2C607B}.Release|Any CPU.ActiveCfg = Release|Any CPU
		{6981ACFB-E049-4BD1-A79D-8AB00B2C607B}.Release|Any CPU.Build.0 = Release|Any CPU
	EndGlobalSection
	GlobalSection(SolutionProperties) = preSolution
		HideSolutionNode = FALSE
	EndGlobalSection
	GlobalSection(NestedProjects) = preSolution
		{75252CFA-CDFD-42E2-A2A9-37CBA1E16CBD} = {9FA84A96-8E88-4E58-BF3D-19066E536657}
		{A280FCEB-E8DA-4054-923F-5994CB412CD3} = {9FA84A96-8E88-4E58-BF3D-19066E536657}
		{1D66A0DF-17AB-4568-A9AA-B2A15F1A1DAB} = {9FA84A96-8E88-4E58-BF3D-19066E536657}
		{4F165C39-7851-4AD8-BFBF-11E6D799EA15} = {A280FCEB-E8DA-4054-923F-5994CB412CD3}
		{7A462EE8-FDB0-4DEA-BD81-4A103F69D8F8} = {A280FCEB-E8DA-4054-923F-5994CB412CD3}
		{50BAB708-27C0-4ED8-BFFF-7160164C8488} = {1D66A0DF-17AB-4568-A9AA-B2A15F1A1DAB}
		{7BEAE277-D68B-4B2B-BEC6-3EF34FC8C7A6} = {9FA84A96-8E88-4E58-BF3D-19066E536657}
		{8C7907AD-8DED-41F3-8575-E17AD699B6BD} = {7BEAE277-D68B-4B2B-BEC6-3EF34FC8C7A6}
		{BEDE12D0-D9CF-4979-9264-98919947FADE} = {75252CFA-CDFD-42E2-A2A9-37CBA1E16CBD}
		{6981ACFB-E049-4BD1-A79D-8AB00B2C607B} = {50BAB708-27C0-4ED8-BFFF-7160164C8488}
	EndGlobalSection
	GlobalSection(ExtensibilityGlobals) = postSolution
		SolutionGuid = {CF554F85-1C15-4655-AB2F-E514AEA657D5}
	EndGlobalSection
EndGlobal
